
Microsoft Visual Studio Solution File, Format Version 12.00
# Visual Studio Version 16
VisualStudioVersion = 16.0.31605.320
MinimumVisualStudioVersion = 10.0.40219.1
Project("{8BC9CEB8-8B4A-11D0-8D11-00A0C91BC942}") = "DirectXDemo2D", "DirectXDemo\DirectXDemo.vcxproj", "{64770FD7-3D5A-4FD7-AF7E-A97B2DB29E90}"
EndProject
Global
	GlobalSection(SolutionConfigurationPlatforms) = preSolution
		Debug|x64 = Debug|x64
		Debug|x86 = Debug|x86
		Release|x64 = Release|x64
		Release|x86 = Release|x86
	EndGlobalSection
	GlobalSection(ProjectConfigurationPlatforms) = postSolution
		{64770FD7-3D5A-4FD7-AF7E-A97B2DB29E90}.Debug|x64.ActiveCfg = Debug|x64
		{64770FD7-3D5A-4FD7-AF7E-A97B2DB29E90}.Debug|x64.Build.0 = Debug|x64
		{64770FD7-3D5A-4FD7-AF7E-A97B2DB29E90}.Debug|x86.ActiveCfg = Debug|Win32
		{64770FD7-3D5A-4FD7-AF7E-A97B2DB29E90}.Debug|x86.Build.0 = Debug|Win32
		{64770FD7-3D5A-4FD7-AF7E-A97B2DB29E90}.Release|x64.ActiveCfg = Release|x64
		{64770FD7-3D5A-4FD7-AF7E-A97B2DB29E90}.Release|x64.Build.0 = Release|x64
		{64770FD7-3D5A-4FD7-AF7E-A97B2DB29E90}.Release|x86.ActiveCfg = Release|Win32
		{64770FD7-3D5A-4FD7-AF7E-A97B2DB29E90}.Release|x86.Build.0 = Release|Win32
	EndGlobalSection
	GlobalSection(SolutionProperties) = preSolution
		HideSolutionNode = FALSE
	EndGlobalSection
	GlobalSection(ExtensibilityGlobals) = postSolution
		SolutionGuid = {9ABCB8D1-D119-4366-BFA2-8E8D5622C850}
	EndGlobalSection
EndGlobal
